// !$*UTF8*$!
{
	archiveVersion = 1;
	classes = {
	};
	objectVersion = 55;
	objects = {

/* Begin PBXBuildFile section */
		B17BCED3282C2AA100358305 /* AppDelegate.swift in Sources */ = {isa = PBXBuildFile; fileRef = B17BCED2282C2AA100358305 /* AppDelegate.swift */; };
		B17BCED5282C2AA100358305 /* SceneDelegate.swift in Sources */ = {isa = PBXBuildFile; fileRef = B17BCED4282C2AA100358305 /* SceneDelegate.swift */; };
		B17BCED7282C2AA100358305 /* ViewController.swift in Sources */ = {isa = PBXBuildFile; fileRef = B17BCED6282C2AA100358305 /* ViewController.swift */; };
		B17BCEDC282C2AA200358305 /* Assets.xcassets in Resources */ = {isa = PBXBuildFile; fileRef = B17BCEDB282C2AA200358305 /* Assets.xcassets */; };
		B17BCEDF282C2AA200358305 /* LaunchScreen.storyboard in Resources */ = {isa = PBXBuildFile; fileRef = B17BCEDD282C2AA200358305 /* LaunchScreen.storyboard */; };
		B17BCEEA282C2AA200358305 /* rick_and_morty_showcaseTests.swift in Sources */ = {isa = PBXBuildFile; fileRef = B17BCEE9282C2AA200358305 /* rick_and_morty_showcaseTests.swift */; };
		B17BCEF4282C2AA200358305 /* rick_and_morty_showcaseUITests.swift in Sources */ = {isa = PBXBuildFile; fileRef = B17BCEF3282C2AA200358305 /* rick_and_morty_showcaseUITests.swift */; };
		B17BCEF6282C2AA200358305 /* rick_and_morty_showcaseUITestsLaunchTests.swift in Sources */ = {isa = PBXBuildFile; fileRef = B17BCEF5282C2AA200358305 /* rick_and_morty_showcaseUITestsLaunchTests.swift */; };
		B17BCF0F282C359D00358305 /* Main.storyboard in Resources */ = {isa = PBXBuildFile; fileRef = B17BCF0E282C359D00358305 /* Main.storyboard */; };
		B17BCF17282C3AF900358305 /* Characters.swift in Sources */ = {isa = PBXBuildFile; fileRef = B17BCF16282C3AF900358305 /* Characters.swift */; };
		B17BCF1A282C3CC300358305 /* CharactersTableViewCell.swift in Sources */ = {isa = PBXBuildFile; fileRef = B17BCF18282C3CC300358305 /* CharactersTableViewCell.swift */; };
		B17BCF1B282C3CC300358305 /* DetailsTableViewCell.swift in Sources */ = {isa = PBXBuildFile; fileRef = B17BCF19282C3CC300358305 /* DetailsTableViewCell.swift */; };
		B17BCF1D282C3EEC00358305 /* DetailsViewController.swift in Sources */ = {isa = PBXBuildFile; fileRef = B17BCF1C282C3EEC00358305 /* DetailsViewController.swift */; };
		B17BCF1F282C44DA00358305 /* CharactersAPI.swift in Sources */ = {isa = PBXBuildFile; fileRef = B17BCF1E282C44DA00358305 /* CharactersAPI.swift */; };
/* End PBXBuildFile section */

/* Begin PBXContainerItemProxy section */
		B17BCEE6282C2AA200358305 /* PBXContainerItemProxy */ = {
			isa = PBXContainerItemProxy;
			containerPortal = B17BCEC7282C2AA100358305 /* Project object */;
			proxyType = 1;
			remoteGlobalIDString = B17BCECE282C2AA100358305;
			remoteInfo = "rick-and-morty-showcase";
		};
		B17BCEF0282C2AA200358305 /* PBXContainerItemProxy */ = {
			isa = PBXContainerItemProxy;
			containerPortal = B17BCEC7282C2AA100358305 /* Project object */;
			proxyType = 1;
			remoteGlobalIDString = B17BCECE282C2AA100358305;
			remoteInfo = "rick-and-morty-showcase";
		};
/* End PBXContainerItemProxy section */

/* Begin PBXFileReference section */
		B17BCECF282C2AA100358305 /* rick-and-morty-showcase.app */ = {isa = PBXFileReference; explicitFileType = wrapper.application; includeInIndex = 0; path = "rick-and-morty-showcase.app"; sourceTree = BUILT_PRODUCTS_DIR; };
		B17BCED2282C2AA100358305 /* AppDelegate.swift */ = {isa = PBXFileReference; lastKnownFileType = sourcecode.swift; path = AppDelegate.swift; sourceTree = "<group>"; };
		B17BCED4282C2AA100358305 /* SceneDelegate.swift */ = {isa = PBXFileReference; lastKnownFileType = sourcecode.swift; path = SceneDelegate.swift; sourceTree = "<group>"; };
		B17BCED6282C2AA100358305 /* ViewController.swift */ = {isa = PBXFileReference; lastKnownFileType = sourcecode.swift; path = ViewController.swift; sourceTree = "<group>"; };
		B17BCEDB282C2AA200358305 /* Assets.xcassets */ = {isa = PBXFileReference; lastKnownFileType = folder.assetcatalog; path = Assets.xcassets; sourceTree = "<group>"; };
		B17BCEDE282C2AA200358305 /* Base */ = {isa = PBXFileReference; lastKnownFileType = file.storyboard; name = Base; path = Base.lproj/LaunchScreen.storyboard; sourceTree = "<group>"; };
		B17BCEE0282C2AA200358305 /* Info.plist */ = {isa = PBXFileReference; lastKnownFileType = text.plist.xml; path = Info.plist; sourceTree = "<group>"; };
		B17BCEE5282C2AA200358305 /* rick-and-morty-showcaseTests.xctest */ = {isa = PBXFileReference; explicitFileType = wrapper.cfbundle; includeInIndex = 0; path = "rick-and-morty-showcaseTests.xctest"; sourceTree = BUILT_PRODUCTS_DIR; };
		B17BCEE9282C2AA200358305 /* rick_and_morty_showcaseTests.swift */ = {isa = PBXFileReference; lastKnownFileType = sourcecode.swift; path = rick_and_morty_showcaseTests.swift; sourceTree = "<group>"; };
		B17BCEEF282C2AA200358305 /* rick-and-morty-showcaseUITests.xctest */ = {isa = PBXFileReference; explicitFileType = wrapper.cfbundle; includeInIndex = 0; path = "rick-and-morty-showcaseUITests.xctest"; sourceTree = BUILT_PRODUCTS_DIR; };
		B17BCEF3282C2AA200358305 /* rick_and_morty_showcaseUITests.swift */ = {isa = PBXFileReference; lastKnownFileType = sourcecode.swift; path = rick_and_morty_showcaseUITests.swift; sourceTree = "<group>"; };
		B17BCEF5282C2AA200358305 /* rick_and_morty_showcaseUITestsLaunchTests.swift */ = {isa = PBXFileReference; lastKnownFileType = sourcecode.swift; path = rick_and_morty_showcaseUITestsLaunchTests.swift; sourceTree = "<group>"; };
		B17BCF0E282C359D00358305 /* Main.storyboard */ = {isa = PBXFileReference; fileEncoding = 4; lastKnownFileType = file.storyboard; path = Main.storyboard; sourceTree = "<group>"; };
		B17BCF16282C3AF900358305 /* Characters.swift */ = {isa = PBXFileReference; fileEncoding = 4; lastKnownFileType = sourcecode.swift; path = Characters.swift; sourceTree = "<group>"; };
		B17BCF18282C3CC300358305 /* CharactersTableViewCell.swift */ = {isa = PBXFileReference; fileEncoding = 4; lastKnownFileType = sourcecode.swift; path = CharactersTableViewCell.swift; sourceTree = "<group>"; };
		B17BCF19282C3CC300358305 /* DetailsTableViewCell.swift */ = {isa = PBXFileReference; fileEncoding = 4; lastKnownFileType = sourcecode.swift; path = DetailsTableViewCell.swift; sourceTree = "<group>"; };
		B17BCF1C282C3EEC00358305 /* DetailsViewController.swift */ = {isa = PBXFileReference; fileEncoding = 4; lastKnownFileType = sourcecode.swift; path = DetailsViewController.swift; sourceTree = "<group>"; };
		B17BCF1E282C44DA00358305 /* CharactersAPI.swift */ = {isa = PBXFileReference; fileEncoding = 4; lastKnownFileType = sourcecode.swift; path = CharactersAPI.swift; sourceTree = "<group>"; };
/* End PBXFileReference section */

/* Begin PBXFrameworksBuildPhase section */
		B17BCECC282C2AA100358305 /* Frameworks */ = {
			isa = PBXFrameworksBuildPhase;
			buildActionMask = 2147483647;
			files = (
			);
			runOnlyForDeploymentPostprocessing = 0;
		};
		B17BCEE2282C2AA200358305 /* Frameworks */ = {
			isa = PBXFrameworksBuildPhase;
			buildActionMask = 2147483647;
			files = (
			);
			runOnlyForDeploymentPostprocessing = 0;
		};
		B17BCEEC282C2AA200358305 /* Frameworks */ = {
			isa = PBXFrameworksBuildPhase;
			buildActionMask = 2147483647;
			files = (
			);
			runOnlyForDeploymentPostprocessing = 0;
		};
/* End PBXFrameworksBuildPhase section */

/* Begin PBXGroup section */
		B17BCEC6282C2AA100358305 = {
			isa = PBXGroup;
			children = (
				B17BCED1282C2AA100358305 /* rick-and-morty-showcase */,
				B17BCEE8282C2AA200358305 /* rick-and-morty-showcaseTests */,
				B17BCEF2282C2AA200358305 /* rick-and-morty-showcaseUITests */,
				B17BCED0282C2AA100358305 /* Products */,
			);
			sourceTree = "<group>";
		};
		B17BCED0282C2AA100358305 /* Products */ = {
			isa = PBXGroup;
			children = (
				B17BCECF282C2AA100358305 /* rick-and-morty-showcase.app */,
				B17BCEE5282C2AA200358305 /* rick-and-morty-showcaseTests.xctest */,
				B17BCEEF282C2AA200358305 /* rick-and-morty-showcaseUITests.xctest */,
			);
			name = Products;
			sourceTree = "<group>";
		};
		B17BCED1282C2AA100358305 /* rick-and-morty-showcase */ = {
			isa = PBXGroup;
			children = (
				B17BCF02282C2C8200358305 /* Model */,
				B17BCF03282C2C9100358305 /* ViewModel */,
				B17BCF04282C2C9900358305 /* View */,
				B17BCED2282C2AA100358305 /* AppDelegate.swift */,
				B17BCED4282C2AA100358305 /* SceneDelegate.swift */,
				B17BCEDB282C2AA200358305 /* Assets.xcassets */,
				B17BCEDD282C2AA200358305 /* LaunchScreen.storyboard */,
				B17BCEE0282C2AA200358305 /* Info.plist */,
			);
			path = "rick-and-morty-showcase";
			sourceTree = "<group>";
		};
		B17BCEE8282C2AA200358305 /* rick-and-morty-showcaseTests */ = {
			isa = PBXGroup;
			children = (
				B17BCEE9282C2AA200358305 /* rick_and_morty_showcaseTests.swift */,
			);
			path = "rick-and-morty-showcaseTests";
			sourceTree = "<group>";
		};
		B17BCEF2282C2AA200358305 /* rick-and-morty-showcaseUITests */ = {
			isa = PBXGroup;
			children = (
				B17BCEF3282C2AA200358305 /* rick_and_morty_showcaseUITests.swift */,
				B17BCEF5282C2AA200358305 /* rick_and_morty_showcaseUITestsLaunchTests.swift */,
			);
			path = "rick-and-morty-showcaseUITests";
			sourceTree = "<group>";
		};
		B17BCF02282C2C8200358305 /* Model */ = {
			isa = PBXGroup;
			children = (
				B17BCF16282C3AF900358305 /* Characters.swift */,
			);
			path = Model;
			sourceTree = "<group>";
		};
		B17BCF03282C2C9100358305 /* ViewModel */ = {
			isa = PBXGroup;
			children = (
				B17BCF1E282C44DA00358305 /* CharactersAPI.swift */,
			);
			path = ViewModel;
			sourceTree = "<group>";
		};
		B17BCF04282C2C9900358305 /* View */ = {
			isa = PBXGroup;
			children = (
				B17BCF0E282C359D00358305 /* Main.storyboard */,
				B17BCF05282C2CB900358305 /* ViewCell */,
				B17BCF07282C2CD600358305 /* ViewController */,
			);
			path = View;
			sourceTree = "<group>";
		};
		B17BCF05282C2CB900358305 /* ViewCell */ = {
			isa = PBXGroup;
			children = (
				B17BCF18282C3CC300358305 /* CharactersTableViewCell.swift */,
				B17BCF19282C3CC300358305 /* DetailsTableViewCell.swift */,
			);
			path = ViewCell;
			sourceTree = "<group>";
		};
		B17BCF07282C2CD600358305 /* ViewController */ = {
			isa = PBXGroup;
			children = (
				B17BCF1C282C3EEC00358305 /* DetailsViewController.swift */,
				B17BCED6282C2AA100358305 /* ViewController.swift */,
			);
			path = ViewController;
			sourceTree = "<group>";
		};
/* End PBXGroup section */

/* Begin PBXNativeTarget section */
		B17BCECE282C2AA100358305 /* rick-and-morty-showcase */ = {
			isa = PBXNativeTarget;
			buildConfigurationList = B17BCEF9282C2AA200358305 /* Build configuration list for PBXNativeTarget "rick-and-morty-showcase" */;
			buildPhases = (
				B17BCECB282C2AA100358305 /* Sources */,
				B17BCECC282C2AA100358305 /* Frameworks */,
				B17BCECD282C2AA100358305 /* Resources */,
			);
			buildRules = (
			);
			dependencies = (
			);
			name = "rick-and-morty-showcase";
			productName = "rick-and-morty-showcase";
			productReference = B17BCECF282C2AA100358305 /* rick-and-morty-showcase.app */;
			productType = "com.apple.product-type.application";
		};
		B17BCEE4282C2AA200358305 /* rick-and-morty-showcaseTests */ = {
			isa = PBXNativeTarget;
			buildConfigurationList = B17BCEFC282C2AA200358305 /* Build configuration list for PBXNativeTarget "rick-and-morty-showcaseTests" */;
			buildPhases = (
				B17BCEE1282C2AA200358305 /* Sources */,
				B17BCEE2282C2AA200358305 /* Frameworks */,
				B17BCEE3282C2AA200358305 /* Resources */,
			);
			buildRules = (
			);
			dependencies = (
				B17BCEE7282C2AA200358305 /* PBXTargetDependency */,
			);
			name = "rick-and-morty-showcaseTests";
			productName = "rick-and-morty-showcaseTests";
			productReference = B17BCEE5282C2AA200358305 /* rick-and-morty-showcaseTests.xctest */;
			productType = "com.apple.product-type.bundle.unit-test";
		};
		B17BCEEE282C2AA200358305 /* rick-and-morty-showcaseUITests */ = {
			isa = PBXNativeTarget;
			buildConfigurationList = B17BCEFF282C2AA200358305 /* Build configuration list for PBXNativeTarget "rick-and-morty-showcaseUITests" */;
			buildPhases = (
				B17BCEEB282C2AA200358305 /* Sources */,
				B17BCEEC282C2AA200358305 /* Frameworks */,
				B17BCEED282C2AA200358305 /* Resources */,
			);
			buildRules = (
			);
			dependencies = (
				B17BCEF1282C2AA200358305 /* PBXTargetDependency */,
			);
			name = "rick-and-morty-showcaseUITests";
			productName = "rick-and-morty-showcaseUITests";
			productReference = B17BCEEF282C2AA200358305 /* rick-and-morty-showcaseUITests.xctest */;
			productType = "com.apple.product-type.bundle.ui-testing";
		};
/* End PBXNativeTarget section */

/* Begin PBXProject section */
		B17BCEC7282C2AA100358305 /* Project object */ = {
			isa = PBXProject;
			attributes = {
				BuildIndependentTargetsInParallel = 1;
				LastSwiftUpdateCheck = 1330;
				LastUpgradeCheck = 1330;
				TargetAttributes = {
					B17BCECE282C2AA100358305 = {
						CreatedOnToolsVersion = 13.3.1;
					};
					B17BCEE4282C2AA200358305 = {
						CreatedOnToolsVersion = 13.3.1;
						TestTargetID = B17BCECE282C2AA100358305;
					};
					B17BCEEE282C2AA200358305 = {
						CreatedOnToolsVersion = 13.3.1;
						TestTargetID = B17BCECE282C2AA100358305;
					};
				};
			};
			buildConfigurationList = B17BCECA282C2AA100358305 /* Build configuration list for PBXProject "rick-and-morty-showcase" */;
			compatibilityVersion = "Xcode 13.0";
			developmentRegion = en;
			hasScannedForEncodings = 0;
			knownRegions = (
				en,
				Base,
			);
			mainGroup = B17BCEC6282C2AA100358305;
			productRefGroup = B17BCED0282C2AA100358305 /* Products */;
			projectDirPath = "";
			projectRoot = "";
			targets = (
				B17BCECE282C2AA100358305 /* rick-and-morty-showcase */,
				B17BCEE4282C2AA200358305 /* rick-and-morty-showcaseTests */,
				B17BCEEE282C2AA200358305 /* rick-and-morty-showcaseUITests */,
			);
		};
/* End PBXProject section */

/* Begin PBXResourcesBuildPhase section */
		B17BCECD282C2AA100358305 /* Resources */ = {
			isa = PBXResourcesBuildPhase;
			buildActionMask = 2147483647;
			files = (
				B17BCF0F282C359D00358305 /* Main.storyboard in Resources */,
				B17BCEDF282C2AA200358305 /* LaunchScreen.storyboard in Resources */,
				B17BCEDC282C2AA200358305 /* Assets.xcassets in Resources */,
			);
			runOnlyForDeploymentPostprocessing = 0;
		};
		B17BCEE3282C2AA200358305 /* Resources */ = {
			isa = PBXResourcesBuildPhase;
			buildActionMask = 2147483647;
			files = (
			);
			runOnlyForDeploymentPostprocessing = 0;
		};
		B17BCEED282C2AA200358305 /* Resources */ = {
			isa = PBXResourcesBuildPhase;
			buildActionMask = 2147483647;
			files = (
			);
			runOnlyForDeploymentPostprocessing = 0;
		};
/* End PBXResourcesBuildPhase section */

/* Begin PBXSourcesBuildPhase section */
		B17BCECB282C2AA100358305 /* Sources */ = {
			isa = PBXSourcesBuildPhase;
			buildActionMask = 2147483647;
			files = (
				B17BCF1F282C44DA00358305 /* CharactersAPI.swift in Sources */,
				B17BCF1B282C3CC300358305 /* DetailsTableViewCell.swift in Sources */,
				B17BCED7282C2AA100358305 /* ViewController.swift in Sources */,
				B17BCED3282C2AA100358305 /* AppDelegate.swift in Sources */,
				B17BCED5282C2AA100358305 /* SceneDelegate.swift in Sources */,
				B17BCF1D282C3EEC00358305 /* DetailsViewController.swift in Sources */,
				B17BCF1A282C3CC300358305 /* CharactersTableViewCell.swift in Sources */,
				B17BCF17282C3AF900358305 /* Characters.swift in Sources */,
			);
			runOnlyForDeploymentPostprocessing = 0;
		};
		B17BCEE1282C2AA200358305 /* Sources */ = {
			isa = PBXSourcesBuildPhase;
			buildActionMask = 2147483647;
			files = (
				B17BCEEA282C2AA200358305 /* rick_and_morty_showcaseTests.swift in Sources */,
			);
			runOnlyForDeploymentPostprocessing = 0;
		};
		B17BCEEB282C2AA200358305 /* Sources */ = {
			isa = PBXSourcesBuildPhase;
			buildActionMask = 2147483647;
			files = (
				B17BCEF6282C2AA200358305 /* rick_and_morty_showcaseUITestsLaunchTests.swift in Sources */,
				B17BCEF4282C2AA200358305 /* rick_and_morty_showcaseUITests.swift in Sources */,
			);
			runOnlyForDeploymentPostprocessing = 0;
		};
/* End PBXSourcesBuildPhase section */

/* Begin PBXTargetDependency section */
		B17BCEE7282C2AA200358305 /* PBXTargetDependency */ = {
			isa = PBXTargetDependency;
			target = B17BCECE282C2AA100358305 /* rick-and-morty-showcase */;
			targetProxy = B17BCEE6282C2AA200358305 /* PBXContainerItemProxy */;
		};
		B17BCEF1282C2AA200358305 /* PBXTargetDependency */ = {
			isa = PBXTargetDependency;
			target = B17BCECE282C2AA100358305 /* rick-and-morty-showcase */;
			targetProxy = B17BCEF0282C2AA200358305 /* PBXContainerItemProxy */;
		};
/* End PBXTargetDependency section */

/* Begin PBXVariantGroup section */
		B17BCEDD282C2AA200358305 /* LaunchScreen.storyboard */ = {
			isa = PBXVariantGroup;
			children = (
				B17BCEDE282C2AA200358305 /* Base */,
			);
			name = LaunchScreen.storyboard;
			sourceTree = "<group>";
		};
/* End PBXVariantGroup section */

/* Begin XCBuildConfiguration section */
		B17BCEF7282C2AA200358305 /* Debug */ = {
			isa = XCBuildConfiguration;
			buildSettings = {
				ALWAYS_SEARCH_USER_PATHS = NO;
				CLANG_ANALYZER_NONNULL = YES;
				CLANG_ANALYZER_NUMBER_OBJECT_CONVERSION = YES_AGGRESSIVE;
				CLANG_CXX_LANGUAGE_STANDARD = "gnu++17";
				CLANG_ENABLE_MODULES = YES;
				CLANG_ENABLE_OBJC_ARC = YES;
				CLANG_ENABLE_OBJC_WEAK = YES;
				CLANG_WARN_BLOCK_CAPTURE_AUTORELEASING = YES;
				CLANG_WARN_BOOL_CONVERSION = YES;
				CLANG_WARN_COMMA = YES;
				CLANG_WARN_CONSTANT_CONVERSION = YES;
				CLANG_WARN_DEPRECATED_OBJC_IMPLEMENTATIONS = YES;
				CLANG_WARN_DIRECT_OBJC_ISA_USAGE = YES_ERROR;
				CLANG_WARN_DOCUMENTATION_COMMENTS = YES;
				CLANG_WARN_EMPTY_BODY = YES;
				CLANG_WARN_ENUM_CONVERSION = YES;
				CLANG_WARN_INFINITE_RECURSION = YES;
				CLANG_WARN_INT_CONVERSION = YES;
				CLANG_WARN_NON_LITERAL_NULL_CONVERSION = YES;
				CLANG_WARN_OBJC_IMPLICIT_RETAIN_SELF = YES;
				CLANG_WARN_OBJC_LITERAL_CONVERSION = YES;
				CLANG_WARN_OBJC_ROOT_CLASS = YES_ERROR;
				CLANG_WARN_QUOTED_INCLUDE_IN_FRAMEWORK_HEADER = YES;
				CLANG_WARN_RANGE_LOOP_ANALYSIS = YES;
				CLANG_WARN_STRICT_PROTOTYPES = YES;
				CLANG_WARN_SUSPICIOUS_MOVE = YES;
				CLANG_WARN_UNGUARDED_AVAILABILITY = YES_AGGRESSIVE;
				CLANG_WARN_UNREACHABLE_CODE = YES;
				CLANG_WARN__DUPLICATE_METHOD_MATCH = YES;
				COPY_PHASE_STRIP = NO;
				DEBUG_INFORMATION_FORMAT = dwarf;
				ENABLE_STRICT_OBJC_MSGSEND = YES;
				ENABLE_TESTABILITY = YES;
				GCC_C_LANGUAGE_STANDARD = gnu11;
				GCC_DYNAMIC_NO_PIC = NO;
				GCC_NO_COMMON_BLOCKS = YES;
				GCC_OPTIMIZATION_LEVEL = 0;
				GCC_PREPROCESSOR_DEFINITIONS = (
					"DEBUG=1",
					"$(inherited)",
				);
				GCC_WARN_64_TO_32_BIT_CONVERSION = YES;
				GCC_WARN_ABOUT_RETURN_TYPE = YES_ERROR;
				GCC_WARN_UNDECLARED_SELECTOR = YES;
				GCC_WARN_UNINITIALIZED_AUTOS = YES_AGGRESSIVE;
				GCC_WARN_UNUSED_FUNCTION = YES;
				GCC_WARN_UNUSED_VARIABLE = YES;
				IPHONEOS_DEPLOYMENT_TARGET = 15.4;
				MTL_ENABLE_DEBUG_INFO = INCLUDE_SOURCE;
				MTL_FAST_MATH = YES;
				ONLY_ACTIVE_ARCH = YES;
				SDKROOT = iphoneos;
				SWIFT_ACTIVE_COMPILATION_CONDITIONS = DEBUG;
				SWIFT_OPTIMIZATION_LEVEL = "-Onone";
			};
			name = Debug;
		};
		B17BCEF8282C2AA200358305 /* Release */ = {
			isa = XCBuildConfiguration;
			buildSettings = {
				ALWAYS_SEARCH_USER_PATHS = NO;
				CLANG_ANALYZER_NONNULL = YES;
				CLANG_ANALYZER_NUMBER_OBJECT_CONVERSION = YES_AGGRESSIVE;
				CLANG_CXX_LANGUAGE_STANDARD = "gnu++17";
				CLANG_ENABLE_MODULES = YES;
				CLANG_ENABLE_OBJC_ARC = YES;
				CLANG_ENABLE_OBJC_WEAK = YES;
				CLANG_WARN_BLOCK_CAPTURE_AUTORELEASING = YES;
				CLANG_WARN_BOOL_CONVERSION = YES;
				CLANG_WARN_COMMA = YES;
				CLANG_WARN_CONSTANT_CONVERSION = YES;
				CLANG_WARN_DEPRECATED_OBJC_IMPLEMENTATIONS = YES;
				CLANG_WARN_DIRECT_OBJC_ISA_USAGE = YES_ERROR;
				CLANG_WARN_DOCUMENTATION_COMMENTS = YES;
				CLANG_WARN_EMPTY_BODY = YES;
				CLANG_WARN_ENUM_CONVERSION = YES;
				CLANG_WARN_INFINITE_RECURSION = YES;
				CLANG_WARN_INT_CONVERSION = YES;
				CLANG_WARN_NON_LITERAL_NULL_CONVERSION = YES;
				CLANG_WARN_OBJC_IMPLICIT_RETAIN_SELF = YES;
				CLANG_WARN_OBJC_LITERAL_CONVERSION = YES;
				CLANG_WARN_OBJC_ROOT_CLASS = YES_ERROR;
				CLANG_WARN_QUOTED_INCLUDE_IN_FRAMEWORK_HEADER = YES;
				CLANG_WARN_RANGE_LOOP_ANALYSIS = YES;
				CLANG_WARN_STRICT_PROTOTYPES = YES;
				CLANG_WARN_SUSPICIOUS_MOVE = YES;
				CLANG_WARN_UNGUARDED_AVAILABILITY = YES_AGGRESSIVE;
				CLANG_WARN_UNREACHABLE_CODE = YES;
				CLANG_WARN__DUPLICATE_METHOD_MATCH = YES;
				COPY_PHASE_STRIP = NO;
				DEBUG_INFORMATION_FORMAT = "dwarf-with-dsym";
				ENABLE_NS_ASSERTIONS = NO;
				ENABLE_STRICT_OBJC_MSGSEND = YES;
				GCC_C_LANGUAGE_STANDARD = gnu11;
				GCC_NO_COMMON_BLOCKS = YES;
				GCC_WARN_64_TO_32_BIT_CONVERSION = YES;
				GCC_WARN_ABOUT_RETURN_TYPE = YES_ERROR;
				GCC_WARN_UNDECLARED_SELECTOR = YES;
				GCC_WARN_UNINITIALIZED_AUTOS = YES_AGGRESSIVE;
				GCC_WARN_UNUSED_FUNCTION = YES;
				GCC_WARN_UNUSED_VARIABLE = YES;
				IPHONEOS_DEPLOYMENT_TARGET = 15.4;
				MTL_ENABLE_DEBUG_INFO = NO;
				MTL_FAST_MATH = YES;
				SDKROOT = iphoneos;
				SWIFT_COMPILATION_MODE = wholemodule;
				SWIFT_OPTIMIZATION_LEVEL = "-O";
				VALIDATE_PRODUCT = YES;
			};
			name = Release;
		};
		B17BCEFA282C2AA200358305 /* Debug */ = {
			isa = XCBuildConfiguration;
			buildSettings = {
				ASSETCATALOG_COMPILER_APPICON_NAME = AppIcon;
				ASSETCATALOG_COMPILER_GLOBAL_ACCENT_COLOR_NAME = AccentColor;
				CODE_SIGN_STYLE = Automatic;
				CURRENT_PROJECT_VERSION = 1;
				DEVELOPMENT_TEAM = LTT64UC4XT;
				GENERATE_INFOPLIST_FILE = YES;
				INFOPLIST_FILE = "rick-and-morty-showcase/Info.plist";
				INFOPLIST_KEY_UIApplicationSupportsIndirectInputEvents = YES;
				INFOPLIST_KEY_UILaunchStoryboardName = LaunchScreen;
				INFOPLIST_KEY_UIMainStoryboardFile = Main;
				INFOPLIST_KEY_UISupportedInterfaceOrientations_iPad = "UIInterfaceOrientationPortrait UIInterfaceOrientationPortraitUpsideDown UIInterfaceOrientationLandscapeLeft UIInterfaceOrientationLandscapeRight";
				INFOPLIST_KEY_UISupportedInterfaceOrientations_iPhone = "UIInterfaceOrientationPortrait UIInterfaceOrientationLandscapeLeft UIInterfaceOrientationLandscapeRight";
				LD_RUNPATH_SEARCH_PATHS = (
					"$(inherited)",
					"@executable_path/Frameworks",
				);
				MARKETING_VERSION = 1.0;
				PRODUCT_BUNDLE_IDENTIFIER = "dudasc.rick-and-morty-showcase";
				PRODUCT_NAME = "$(TARGET_NAME)";
				SWIFT_EMIT_LOC_STRINGS = YES;
				SWIFT_VERSION = 5.0;
				TARGETED_DEVICE_FAMILY = "1,2";
			};
			name = Debug;
		};
		B17BCEFB282C2AA200358305 /* Release */ = {
			isa = XCBuildConfiguration;
			buildSettings = {
				ASSETCATALOG_COMPILER_APPICON_NAME = AppIcon;
				ASSETCATALOG_COMPILER_GLOBAL_ACCENT_COLOR_NAME = AccentColor;
				CODE_SIGN_STYLE = Automatic;
				CURRENT_PROJECT_VERSION = 1;
				DEVELOPMENT_TEAM = LTT64UC4XT;
				GENERATE_INFOPLIST_FILE = YES;
				INFOPLIST_FILE = "rick-and-morty-showcase/Info.plist";
				INFOPLIST_KEY_UIApplicationSupportsIndirectInputEvents = YES;
				INFOPLIST_KEY_UILaunchStoryboardName = LaunchScreen;
				INFOPLIST_KEY_UIMainStoryboardFile = Main;
				INFOPLIST_KEY_UISupportedInterfaceOrientations_iPad = "UIInterfaceOrientationPortrait UIInterfaceOrientationPortraitUpsideDown UIInterfaceOrientationLandscapeLeft UIInterfaceOrientationLandscapeRight";
				INFOPLIST_KEY_UISupportedInterfaceOrientations_iPhone = "UIInterfaceOrientationPortrait UIInterfaceOrientationLandscapeLeft UIInterfaceOrientationLandscapeRight";
				LD_RUNPATH_SEARCH_PATHS = (
					"$(inherited)",
					"@executable_path/Frameworks",
				);
				MARKETING_VERSION = 1.0;
				PRODUCT_BUNDLE_IDENTIFIER = "dudasc.rick-and-morty-showcase";
				PRODUCT_NAME = "$(TARGET_NAME)";
				SWIFT_EMIT_LOC_STRINGS = YES;
				SWIFT_VERSION = 5.0;
				TARGETED_DEVICE_FAMILY = "1,2";
			};
			name = Release;
		};
		B17BCEFD282C2AA200358305 /* Debug */ = {
			isa = XCBuildConfiguration;
			buildSettings = {
				ALWAYS_EMBED_SWIFT_STANDARD_LIBRARIES = YES;
				BUNDLE_LOADER = "$(TEST_HOST)";
				CODE_SIGN_STYLE = Automatic;
				CURRENT_PROJECT_VERSION = 1;
				DEVELOPMENT_TEAM = LTT64UC4XT;
				GENERATE_INFOPLIST_FILE = YES;
				IPHONEOS_DEPLOYMENT_TARGET = 15.4;
				MARKETING_VERSION = 1.0;
				PRODUCT_BUNDLE_IDENTIFIER = "dudasc.rick-and-morty-showcaseTests";
				PRODUCT_NAME = "$(TARGET_NAME)";
				SWIFT_EMIT_LOC_STRINGS = NO;
				SWIFT_VERSION = 5.0;
				TARGETED_DEVICE_FAMILY = "1,2";
				TEST_HOST = "$(BUILT_PRODUCTS_DIR)/rick-and-morty-showcase.app/rick-and-morty-showcase";
			};
			name = Debug;
		};
		B17BCEFE282C2AA200358305 /* Release */ = {
			isa = XCBuildConfiguration;
			buildSettings = {
				ALWAYS_EMBED_SWIFT_STANDARD_LIBRARIES = YES;
				BUNDLE_LOADER = "$(TEST_HOST)";
				CODE_SIGN_STYLE = Automatic;
				CURRENT_PROJECT_VERSION = 1;
				DEVELOPMENT_TEAM = LTT64UC4XT;
				GENERATE_INFOPLIST_FILE = YES;
				IPHONEOS_DEPLOYMENT_TARGET = 15.4;
				MARKETING_VERSION = 1.0;
				PRODUCT_BUNDLE_IDENTIFIER = "dudasc.rick-and-morty-showcaseTests";
				PRODUCT_NAME = "$(TARGET_NAME)";
				SWIFT_EMIT_LOC_STRINGS = NO;
				SWIFT_VERSION = 5.0;
				TARGETED_DEVICE_FAMILY = "1,2";
				TEST_HOST = "$(BUILT_PRODUCTS_DIR)/rick-and-morty-showcase.app/rick-and-morty-showcase";
			};
			name = Release;
		};
		B17BCF00282C2AA200358305 /* Debug */ = {
			isa = XCBuildConfiguration;
			buildSettings = {
				ALWAYS_EMBED_SWIFT_STANDARD_LIBRARIES = YES;
				CODE_SIGN_STYLE = Automatic;
				CURRENT_PROJECT_VERSION = 1;
				DEVELOPMENT_TEAM = LTT64UC4XT;
				GENERATE_INFOPLIST_FILE = YES;
				MARKETING_VERSION = 1.0;
				PRODUCT_BUNDLE_IDENTIFIER = "dudasc.rick-and-morty-showcaseUITests";
				PRODUCT_NAME = "$(TARGET_NAME)";
				SWIFT_EMIT_LOC_STRINGS = NO;
				SWIFT_VERSION = 5.0;
				TARGETED_DEVICE_FAMILY = "1,2";
				TEST_TARGET_NAME = "rick-and-morty-showcase";
			};
			name = Debug;
		};
		B17BCF01282C2AA200358305 /* Release */ = {
			isa = XCBuildConfiguration;
			buildSettings = {
				ALWAYS_EMBED_SWIFT_STANDARD_LIBRARIES = YES;
				CODE_SIGN_STYLE = Automatic;
				CURRENT_PROJECT_VERSION = 1;
				DEVELOPMENT_TEAM = LTT64UC4XT;
				GENERATE_INFOPLIST_FILE = YES;
				MARKETING_VERSION = 1.0;
				PRODUCT_BUNDLE_IDENTIFIER = "dudasc.rick-and-morty-showcaseUITests";
				PRODUCT_NAME = "$(TARGET_NAME)";
				SWIFT_EMIT_LOC_STRINGS = NO;
				SWIFT_VERSION = 5.0;
				TARGETED_DEVICE_FAMILY = "1,2";
				TEST_TARGET_NAME = "rick-and-morty-showcase";
			};
			name = Release;
		};
/* End XCBuildConfiguration section */

/* Begin XCConfigurationList section */
		B17BCECA282C2AA100358305 /* Build configuration list for PBXProject "rick-and-morty-showcase" */ = {
			isa = XCConfigurationList;
			buildConfigurations = (
				B17BCEF7282C2AA200358305 /* Debug */,
				B17BCEF8282C2AA200358305 /* Release */,
			);
			defaultConfigurationIsVisible = 0;
			defaultConfigurationName = Release;
		};
		B17BCEF9282C2AA200358305 /* Build configuration list for PBXNativeTarget "rick-and-morty-showcase" */ = {
			isa = XCConfigurationList;
			buildConfigurations = (
				B17BCEFA282C2AA200358305 /* Debug */,
				B17BCEFB282C2AA200358305 /* Release */,
			);
			defaultConfigurationIsVisible = 0;
			defaultConfigurationName = Release;
		};
		B17BCEFC282C2AA200358305 /* Build configuration list for PBXNativeTarget "rick-and-morty-showcaseTests" */ = {
			isa = XCConfigurationList;
			buildConfigurations = (
				B17BCEFD282C2AA200358305 /* Debug */,
				B17BCEFE282C2AA200358305 /* Release */,
			);
			defaultConfigurationIsVisible = 0;
			defaultConfigurationName = Release;
		};
		B17BCEFF282C2AA200358305 /* Build configuration list for PBXNativeTarget "rick-and-morty-showcaseUITests" */ = {
			isa = XCConfigurationList;
			buildConfigurations = (
				B17BCF00282C2AA200358305 /* Debug */,
				B17BCF01282C2AA200358305 /* Release */,
			);
			defaultConfigurationIsVisible = 0;
			defaultConfigurationName = Release;
		};
/* End XCConfigurationList section */
	};
	rootObject = B17BCEC7282C2AA100358305 /* Project object */;
}
